
Microsoft Visual Studio Solution File, Format Version 12.00
# Visual Studio 2012
Project("{FAE04EC0-301F-11D3-BF4B-00C04F79EFBC}") = "Aptean_Bank_db", "Aptean_Bank_db\Aptean_Bank_db.csproj", "{57C2BD36-C450-40AE-8EB8-5D1620EFF6D8}"
EndProject
Project("{FAE04EC0-301F-11D3-BF4B-00C04F79EFBC}") = "Test", "Test\Test.csproj", "{1C61C881-8A54-4228-A5BD-5D754E9DD55E}"
EndProject
Global
	GlobalSection(SolutionConfigurationPlatforms) = preSolution
		Debug|Any CPU = Debug|Any CPU
		Release|Any CPU = Release|Any CPU
	EndGlobalSection
	GlobalSection(ProjectConfigurationPlatforms) = postSolution
		{57C2BD36-C450-40AE-8EB8-5D1620EFF6D8}.Debug|Any CPU.ActiveCfg = Debug|Any CPU
		{57C2BD36-C450-40AE-8EB8-5D1620EFF6D8}.Debug|Any CPU.Build.0 = Debug|Any CPU
		{57C2BD36-C450-40AE-8EB8-5D1620EFF6D8}.Release|Any CPU.ActiveCfg = Release|Any CPU
		{57C2BD36-C450-40AE-8EB8-5D1620EFF6D8}.Release|Any CPU.Build.0 = Release|Any CPU
		{1C61C881-8A54-4228-A5BD-5D754E9DD55E}.Debug|Any CPU.ActiveCfg = Debug|Any CPU
		{1C61C881-8A54-4228-A5BD-5D754E9DD55E}.Debug|Any CPU.Build.0 = Debug|Any CPU
		{1C61C881-8A54-4228-A5BD-5D754E9DD55E}.Release|Any CPU.ActiveCfg = Release|Any CPU
		{1C61C881-8A54-4228-A5BD-5D754E9DD55E}.Release|Any CPU.Build.0 = Release|Any CPU
	EndGlobalSection
	GlobalSection(SolutionProperties) = preSolution
		HideSolutionNode = FALSE
	EndGlobalSection
EndGlobal
